<?xml version="1.0" encoding="utf-8"?>
<Project ToolsVersion="4.0" xmlns="http://schemas.microsoft.com/developer/msbuild/2003">
  <ItemGroup>
    <Filter Include="Source Files">
      <UniqueIdentifier>{4FC737F1-C7A5-4376-A066-2A32D752A2FF}</UniqueIdentifier>
      <Extensions>cpp;c;cc;cxx;def;odl;idl;hpj;bat;asm;asmx</Extensions>
    </Filter>
    <Filter Include="Tests">
      <UniqueIdentifier>{93995380-89BD-4b04-88EB-625FBE52EBFB}</UniqueIdentifier>
      <Extensions>h;hpp;hxx;hm;inl;inc;xsd</Extensions>
    </Filter>
    <Filter Include="Commands">
      <UniqueIdentifier>{dd0ee61e-c1d0-4340-b738-5aa57afd4f38}</UniqueIdentifier>
    </Filter>
    <Filter Include="Test Data">
      <UniqueIdentifier>{60436c80-27fb-4442-a3bf-87da593778a4}</UniqueIdentifier>
    </Filter>
  </ItemGroup>
  <ItemGroup>
    <ClCompile Include="stdafx.cpp">
      <Filter>Source Files</Filter>
    </ClCompile>
    <ClCompile Include="test.cpp">
      <Filter>Source Files</Filter>
    </ClCompile>
  </ItemGroup>
  <ItemGroup>
    <None Include="ReadMe.txt" />
    <None Include="color-test.tga">
      <Filter>Test Data</Filter>
    </None>
    <None Include="test.rhtml">
      <Filter>Test Data</Filter>
    </None>
  </ItemGroup>
  <ItemGroup>
    <ClInclude Include="stdafx.h">
      <Filter>Source Files</Filter>
    </ClInclude>
    <ClInclude Include="toldtests.h">
      <Filter>Tests</Filter>
    </ClInclude>
    <ClInclude Include="test_datetime.h">
      <Filter>Tests</Filter>
    </ClInclude>
    <ClInclude Include="test_string.h">
      <Filter>Tests</Filter>
    </ClInclude>
    <ClInclude Include="test_array.h">
      <Filter>Tests</Filter>
    </ClInclude>
    <ClInclude Include="test_characterenumerator.h">
      <Filter>Tests</Filter>
    </ClInclude>
    <ClInclude Include="test_network.h">
      <Filter>Tests</Filter>
    </ClInclude>
    <ClInclude Include="test_queue.h">
      <Filter>Tests</Filter>
    </ClInclude>
    <ClInclude Include="test_graphics.h">
      <Filter>Tests</Filter>
    </ClInclude>
    <ClInclude Include="test_color.h">
      <Filter>Tests</Filter>
    </ClInclude>
    <ClInclude Include="test_bitmap.h">
      <Filter>Tests</Filter>
    </ClInclude>
    <ClInclude Include="test_xml.h">
      <Filter>Tests</Filter>
    </ClInclude>
    <ClInclude Include="test_convert.h">
      <Filter>Tests</Filter>
    </ClInclude>
    <ClInclude Include="test_matrix.h">
      <Filter>Tests</Filter>
    </ClInclude>
    <ClInclude Include="test_vector3.h">
      <Filter>Tests</Filter>
    </ClInclude>
    <ClInclude Include="test_mvc.h">
      <Filter>Tests</Filter>
    </ClInclude>
    <ClInclude Include="cmd_exportlib.h">
      <Filter>Commands</Filter>
    </ClInclude>
    <ClInclude Include="tapplet.h">
      <Filter>Source Files</Filter>
    </ClInclude>
    <ClInclude Include="cmd_test.h">
      <Filter>Commands</Filter>
    </ClInclude>
    <ClInclude Include="ttestsuiteparameters.h">
      <Filter>Source Files</Filter>
    </ClInclude>
    <ClInclude Include="cmd_fcgi.h">
      <Filter>Commands</Filter>
    </ClInclude>
    <ClInclude Include="test_markdown.h">
      <Filter>Tests</Filter>
    </ClInclude>
    <ClInclude Include="test_stringreader.h">
      <Filter>Tests</Filter>
    </ClInclude>
    <ClInclude Include="test_falconrenderer.h">
      <Filter>Tests</Filter>
    </ClInclude>
    <ClInclude Include="test_hawkrenderer.h">
      <Filter>Tests</Filter>
    </ClInclude>
    <ClInclude Include="test_sharedpointer.h">
      <Filter>Tests</Filter>
    </ClInclude>
  </ItemGroup>
  <ItemGroup>
    <Image Include="color-test.bmp">
      <Filter>Test Data</Filter>
    </Image>
    <Image Include="color-test.png">
      <Filter>Test Data</Filter>
    </Image>
  </ItemGroup>
</Project>