<?xml version="1.0" encoding="utf-8"?>
<Project ToolsVersion="4.0" xmlns="http://schemas.microsoft.com/developer/msbuild/2003">
  <ItemGroup>
    <Filter Include="Source Files">
      <UniqueIdentifier>{4FC737F1-C7A5-4376-A066-2A32D752A2FF}</UniqueIdentifier>
      <Extensions>cpp;c;cc;cxx;def;odl;idl;hpj;bat;asm;asmx</Extensions>
    </Filter>
    <Filter Include="Source Files\String">
      <UniqueIdentifier>{fd013958-fe8e-4a32-b905-07c4974e55ab}</UniqueIdentifier>
    </Filter>
    <Filter Include="Source Files\Console">
      <UniqueIdentifier>{4d5055e3-74f0-48d3-a5fb-88da115ae847}</UniqueIdentifier>
    </Filter>
    <Filter Include="Source Files\Collection">
      <UniqueIdentifier>{d3cbc9fa-4160-48d2-b6c3-35e40474e474}</UniqueIdentifier>
    </Filter>
    <Filter Include="Source Files\Mathematics">
      <UniqueIdentifier>{6ca1f0ab-f20d-4fc0-96ed-6961b0de5758}</UniqueIdentifier>
    </Filter>
    <Filter Include="Source Files\Network">
      <UniqueIdentifier>{3104032a-8b53-4828-b4e0-1d0135066a0e}</UniqueIdentifier>
    </Filter>
    <Filter Include="Source Files\IO">
      <UniqueIdentifier>{ab33cd95-ea23-4668-b850-ecdf7a3d402b}</UniqueIdentifier>
    </Filter>
    <Filter Include="Source Files\System">
      <UniqueIdentifier>{3cd79502-524a-4e23-b869-dad231dbb34a}</UniqueIdentifier>
    </Filter>
    <Filter Include="Header Files">
      <UniqueIdentifier>{93995380-89BD-4b04-88EB-625FBE52EBFB}</UniqueIdentifier>
      <Extensions>h;hpp;hxx;hm;inl;inc;xsd</Extensions>
    </Filter>
    <Filter Include="Source Files\Graphics">
      <UniqueIdentifier>{a16a1769-9084-4b22-bf2d-8fb0f7d0fc2a}</UniqueIdentifier>
    </Filter>
    <Filter Include="Source Files\Hacking">
      <UniqueIdentifier>{d848e625-12bb-48a1-a63e-505cfb61153b}</UniqueIdentifier>
    </Filter>
    <Filter Include="Source Files\Text">
      <UniqueIdentifier>{4487af07-604a-4d8f-993d-ff915a4969bd}</UniqueIdentifier>
    </Filter>
    <Filter Include="Source Files\Graphics\File Formats">
      <UniqueIdentifier>{be8702b5-8a32-4c00-8060-f53e46449429}</UniqueIdentifier>
    </Filter>
    <Filter Include="Source Files\IO\Stream">
      <UniqueIdentifier>{a2b72a82-448d-4265-9843-bc3f89eeaefd}</UniqueIdentifier>
    </Filter>
    <Filter Include="Source Files\IO\Buffer">
      <UniqueIdentifier>{7ae890dd-48fc-47b6-96aa-87b787c0fe4d}</UniqueIdentifier>
    </Filter>
    <Filter Include="Source Files\IO\File System">
      <UniqueIdentifier>{c4801a2f-fb59-4432-bd3d-514236c84cfa}</UniqueIdentifier>
    </Filter>
    <Filter Include="Source Files\IO\Literacy">
      <UniqueIdentifier>{fb02e27b-b7ba-4763-9d57-3c8067846614}</UniqueIdentifier>
    </Filter>
    <Filter Include="Source Files\IO\Literacy\INI">
      <UniqueIdentifier>{9a547ae8-936e-4004-9dd7-84bf2ad41b25}</UniqueIdentifier>
    </Filter>
    <Filter Include="Source Files\IO\Literacy\Binary">
      <UniqueIdentifier>{b25ff54c-04e5-4d3d-81cd-2e90d43c3ac2}</UniqueIdentifier>
    </Filter>
    <Filter Include="Source Files\IO\Literacy\XML">
      <UniqueIdentifier>{9e7428af-3a21-4aae-81de-ab0d6197b7fa}</UniqueIdentifier>
    </Filter>
    <Filter Include="Source Files\IO\Literacy\RML">
      <UniqueIdentifier>{a55c0f8b-568e-4beb-81b8-ad57aaca3fc7}</UniqueIdentifier>
    </Filter>
  </ItemGroup>
  <ItemGroup>
    <ClInclude Include="raisetypes.h">
      <Filter>Source Files</Filter>
    </ClInclude>
    <ClInclude Include="tlinkedlist.h">
      <Filter>Source Files\Collection</Filter>
    </ClInclude>
    <ClInclude Include="tmemory.h">
      <Filter>Source Files\System</Filter>
    </ClInclude>
    <ClInclude Include="tprofiler.h">
      <Filter>Source Files\System</Filter>
    </ClInclude>
    <ClInclude Include="m64bit.h">
      <Filter>Source Files\Mathematics</Filter>
    </ClInclude>
    <ClInclude Include="mtriangle.h">
      <Filter>Source Files\Mathematics</Filter>
    </ClInclude>
    <ClInclude Include="mray.h">
      <Filter>Source Files\Mathematics</Filter>
    </ClInclude>
    <ClInclude Include="mquaternion.h">
      <Filter>Source Files\Mathematics</Filter>
    </ClInclude>
    <ClInclude Include="mmatrix.h">
      <Filter>Source Files\Mathematics</Filter>
    </ClInclude>
    <ClInclude Include="mfixed.h">
      <Filter>Source Files\Mathematics</Filter>
    </ClInclude>
    <ClInclude Include="tbitset.h">
      <Filter>Source Files\Collection</Filter>
    </ClInclude>
    <ClInclude Include="tarray.h">
      <Filter>Source Files\Collection</Filter>
    </ClInclude>
    <ClInclude Include="tcolor.h">
      <Filter>Source Files\Graphics</Filter>
    </ClInclude>
    <ClInclude Include="mtools.h">
      <Filter>Source Files\Mathematics</Filter>
    </ClInclude>
    <ClInclude Include="tbitmap.h">
      <Filter>Source Files\Graphics</Filter>
    </ClInclude>
    <ClInclude Include="tbinary.h">
      <Filter>Source Files\Collection</Filter>
    </ClInclude>
    <ClInclude Include="tbitfield.h">
      <Filter>Source Files\Collection</Filter>
    </ClInclude>
    <ClInclude Include="tbitstack.h">
      <Filter>Source Files\Collection</Filter>
    </ClInclude>
    <ClInclude Include="thashmap.h">
      <Filter>Source Files\Collection</Filter>
    </ClInclude>
    <ClInclude Include="tdictionary.h">
      <Filter>Source Files\Collection</Filter>
    </ClInclude>
    <ClInclude Include="stdafx.h">
      <Filter>Header Files</Filter>
    </ClInclude>
    <ClInclude Include="tstack.h">
      <Filter>Source Files\Collection</Filter>
    </ClInclude>
    <ClInclude Include="tenumerator.h">
      <Filter>Source Files\Collection</Filter>
    </ClInclude>
    <ClInclude Include="tdatetime.h">
      <Filter>Source Files\System</Filter>
    </ClInclude>
    <ClInclude Include="tevent.h">
      <Filter>Source Files\System</Filter>
    </ClInclude>
    <ClInclude Include="texception.h">
      <Filter>Source Files\System</Filter>
    </ClInclude>
    <ClInclude Include="tsystem.h">
      <Filter>Source Files\System</Filter>
    </ClInclude>
    <ClInclude Include="tmemorydriver.h">
      <Filter>Source Files\System</Filter>
    </ClInclude>
    <ClInclude Include="tthread.h">
      <Filter>Source Files\System</Filter>
    </ClInclude>
    <ClInclude Include="tprocess.h">
      <Filter>Source Files\Hacking</Filter>
    </ClInclude>
    <ClInclude Include="tprocessdebug.h">
      <Filter>Source Files\Hacking</Filter>
    </ClInclude>
    <ClInclude Include="tprocessmodule.h">
      <Filter>Source Files\Hacking</Filter>
    </ClInclude>
    <ClInclude Include="tqueue.h">
      <Filter>Source Files\Collection</Filter>
    </ClInclude>
    <ClInclude Include="ttimedriver.h">
      <Filter>Source Files\System</Filter>
    </ClInclude>
    <ClInclude Include="tpackedrectangle.h">
      <Filter>Source Files\Graphics</Filter>
    </ClInclude>
    <ClInclude Include="mvector2.h">
      <Filter>Source Files\Mathematics</Filter>
    </ClInclude>
    <ClInclude Include="mvector3.h">
      <Filter>Source Files\Mathematics</Filter>
    </ClInclude>
    <ClInclude Include="mmathdriver.h">
      <Filter>Source Files\Mathematics</Filter>
    </ClInclude>
    <ClInclude Include="tregion.h">
      <Filter>Source Files\Graphics</Filter>
    </ClInclude>
    <ClInclude Include="trange.h">
      <Filter>Source Files\Graphics</Filter>
    </ClInclude>
    <ClInclude Include="tposition.h">
      <Filter>Source Files\Graphics</Filter>
    </ClInclude>
    <ClInclude Include="trectangle.h">
      <Filter>Source Files\Graphics</Filter>
    </ClInclude>
    <ClInclude Include="tindex.h">
      <Filter>Source Files\Collection</Filter>
    </ClInclude>
    <ClInclude Include="tbitmapbmp.h">
      <Filter>Source Files\Graphics\File Formats</Filter>
    </ClInclude>
    <ClInclude Include="tbitmaptga.h">
      <Filter>Source Files\Graphics\File Formats</Filter>
    </ClInclude>
    <ClInclude Include="tbitmappng.h">
      <Filter>Source Files\Graphics\File Formats</Filter>
    </ClInclude>
    <ClInclude Include="tbitmapreader.h">
      <Filter>Source Files\Graphics</Filter>
    </ClInclude>
    <ClInclude Include="tbitmapwriter.h">
      <Filter>Source Files\Graphics</Filter>
    </ClInclude>
    <ClInclude Include="tbitmapformats.h">
      <Filter>Source Files\Graphics</Filter>
    </ClInclude>
    <ClInclude Include="ttypeinfo.h">
      <Filter>Source Files\System</Filter>
    </ClInclude>
    <ClInclude Include="trmlwriter.h">
      <Filter>Source Files\IO\Literacy\RML</Filter>
    </ClInclude>
    <ClInclude Include="trmlreader.h">
      <Filter>Source Files\IO\Literacy\RML</Filter>
    </ClInclude>
    <ClInclude Include="tkeyvalue.h">
      <Filter>Source Files\Collection</Filter>
    </ClInclude>
    <ClInclude Include="mdecibel.h">
      <Filter>Source Files\Mathematics</Filter>
    </ClInclude>
    <ClInclude Include="tencodinginfo.h">
      <Filter>Source Files\Text</Filter>
    </ClInclude>
    <ClInclude Include="tencoding.h">
      <Filter>Source Files\Text</Filter>
    </ClInclude>
    <ClInclude Include="tcharacter.h">
      <Filter>Source Files\String</Filter>
    </ClInclude>
    <ClInclude Include="tbytearray.h">
      <Filter>Source Files\System</Filter>
    </ClInclude>
    <ClInclude Include="tfilestream.h">
      <Filter>Source Files\IO\Stream</Filter>
    </ClInclude>
    <ClInclude Include="tstream.h">
      <Filter>Source Files\IO\Stream</Filter>
    </ClInclude>
    <ClInclude Include="tmemorystream.h">
      <Filter>Source Files\IO\Stream</Filter>
    </ClInclude>
    <ClInclude Include="tbufferedstream.h">
      <Filter>Source Files\IO\Stream</Filter>
    </ClInclude>
    <ClInclude Include="tbuffer.h">
      <Filter>Source Files\IO\Buffer</Filter>
    </ClInclude>
    <ClInclude Include="tcompositebuffer.h">
      <Filter>Source Files\IO\Buffer</Filter>
    </ClInclude>
    <ClInclude Include="tfile.h">
      <Filter>Source Files\IO\File System</Filter>
    </ClInclude>
    <ClInclude Include="tfileinfo.h">
      <Filter>Source Files\IO\File System</Filter>
    </ClInclude>
    <ClInclude Include="tpath.h">
      <Filter>Source Files\IO\File System</Filter>
    </ClInclude>
    <ClInclude Include="tdirectoryinfo.h">
      <Filter>Source Files\IO\File System</Filter>
    </ClInclude>
    <ClInclude Include="ttextreader.h">
      <Filter>Source Files\IO\Literacy</Filter>
    </ClInclude>
    <ClInclude Include="ttextwriter.h">
      <Filter>Source Files\IO\Literacy</Filter>
    </ClInclude>
    <ClInclude Include="tstreamwriter.h">
      <Filter>Source Files\IO\Literacy</Filter>
    </ClInclude>
    <ClInclude Include="tstreamreader.h">
      <Filter>Source Files\IO\Literacy</Filter>
    </ClInclude>
    <ClInclude Include="tiniparser.h">
      <Filter>Source Files\IO\Literacy\INI</Filter>
    </ClInclude>
    <ClInclude Include="tbinaryreader.h">
      <Filter>Source Files\IO\Literacy\Binary</Filter>
    </ClInclude>
    <ClInclude Include="tcompositionprimitive.h">
      <Filter>Source Files\IO\Buffer</Filter>
    </ClInclude>
    <ClInclude Include="tcomposition.h">
      <Filter>Source Files\IO\Buffer</Filter>
    </ClInclude>
    <ClInclude Include="tcompositeconverter.h">
      <Filter>Source Files\IO\Buffer</Filter>
    </ClInclude>
    <ClInclude Include="tcompositegenericconverter.h">
      <Filter>Source Files\IO\Buffer</Filter>
    </ClInclude>
    <ClInclude Include="tserializable.h">
      <Filter>Source Files\IO\Literacy</Filter>
    </ClInclude>
    <ClInclude Include="tstringfixedwidth.h">
      <Filter>Source Files\String</Filter>
    </ClInclude>
    <ClInclude Include="tstring.h">
      <Filter>Source Files\String</Filter>
    </ClInclude>
    <ClInclude Include="tstringdriverfixedwidth.h">
      <Filter>Source Files\String</Filter>
    </ClInclude>
    <ClInclude Include="tstringdriver.h">
      <Filter>Source Files\String</Filter>
    </ClInclude>
    <ClInclude Include="tutf8encoding.h">
      <Filter>Source Files\Text</Filter>
    </ClInclude>
  </ItemGroup>
  <ItemGroup>
    <ClCompile Include="stdafx.cpp">
      <Filter>Source Files</Filter>
    </ClCompile>
    <ClCompile Include="tmemory.cpp">
      <Filter>Source Files\System</Filter>
    </ClCompile>
    <ClCompile Include="tbitset.cpp">
      <Filter>Source Files\Collection</Filter>
    </ClCompile>
    <ClCompile Include="tcolor.cpp">
      <Filter>Source Files\Graphics</Filter>
    </ClCompile>
    <ClCompile Include="tbitmap.cpp">
      <Filter>Source Files\Graphics</Filter>
    </ClCompile>
    <ClCompile Include="tbitmapformats.cpp">
      <Filter>Source Files\Graphics</Filter>
    </ClCompile>
    <ClCompile Include="tthread.cpp">
      <Filter>Source Files\System</Filter>
    </ClCompile>
    <ClCompile Include="tprocess.cpp">
      <Filter>Source Files\Hacking</Filter>
    </ClCompile>
    <ClCompile Include="tprocessdebug.cpp">
      <Filter>Source Files\Hacking</Filter>
    </ClCompile>
    <ClCompile Include="tprocessmodule.cpp">
      <Filter>Source Files\Hacking</Filter>
    </ClCompile>
    <ClCompile Include="tbitmapconverters.cpp">
      <Filter>Source Files\Graphics</Filter>
    </ClCompile>
    <ClCompile Include="ttimedriver.cpp">
      <Filter>Source Files\System</Filter>
    </ClCompile>
    <ClCompile Include="tpackedrectangle.cpp">
      <Filter>Source Files\Graphics</Filter>
    </ClCompile>
    <ClCompile Include="tbitmapbmp.cpp">
      <Filter>Source Files\Graphics\File Formats</Filter>
    </ClCompile>
    <ClCompile Include="tbitmaptga.cpp">
      <Filter>Source Files\Graphics\File Formats</Filter>
    </ClCompile>
    <ClCompile Include="tbitmappng.cpp">
      <Filter>Source Files\Graphics\File Formats</Filter>
    </ClCompile>
    <ClCompile Include="trmlwriter.cpp">
      <Filter>Source Files\IO\Literacy\RML</Filter>
    </ClCompile>
    <ClCompile Include="trmlreader.cpp">
      <Filter>Source Files\IO\Literacy\RML</Filter>
    </ClCompile>
    <ClCompile Include="tencodinginfo.cpp">
      <Filter>Source Files\Text</Filter>
    </ClCompile>
    <ClCompile Include="tbufferedstream.cpp">
      <Filter>Source Files\IO\Stream</Filter>
    </ClCompile>
    <ClCompile Include="tcompositebuffer.cpp">
      <Filter>Source Files\IO\Buffer</Filter>
    </ClCompile>
    <ClCompile Include="tpath.cpp">
      <Filter>Source Files\IO\File System</Filter>
    </ClCompile>
    <ClCompile Include="tstreamreader.cpp">
      <Filter>Source Files\IO\Literacy</Filter>
    </ClCompile>
    <ClCompile Include="tiniparser.cpp">
      <Filter>Source Files\IO\Literacy\INI</Filter>
    </ClCompile>
    <ClCompile Include="tcomposition.cpp">
      <Filter>Source Files\IO\Buffer</Filter>
    </ClCompile>
    <ClCompile Include="tstringfixedwidth.cpp">
      <Filter>Source Files\String</Filter>
    </ClCompile>
    <ClCompile Include="tutf8encoding.cpp">
      <Filter>Source Files\Text</Filter>
    </ClCompile>
  </ItemGroup>
  <ItemGroup>
    <None Include="design.cd" />
    <None Include="Rules.txt" />
  </ItemGroup>
</Project>