<?xml version="1.0" encoding="utf-8"?>
<Project ToolsVersion="4.0" xmlns="http://schemas.microsoft.com/developer/msbuild/2003">
  <ItemGroup>
    <Filter Include="Source Files">
      <UniqueIdentifier>{4FC737F1-C7A5-4376-A066-2A32D752A2FF}</UniqueIdentifier>
      <Extensions>cpp;c;cc;cxx;def;odl;idl;hpj;bat;asm;asmx</Extensions>
    </Filter>
    <Filter Include="Source Files\String">
      <UniqueIdentifier>{fd013958-fe8e-4a32-b905-07c4974e55ab}</UniqueIdentifier>
    </Filter>
    <Filter Include="Source Files\Collection">
      <UniqueIdentifier>{d3cbc9fa-4160-48d2-b6c3-35e40474e474}</UniqueIdentifier>
    </Filter>
    <Filter Include="Source Files\Mathematics">
      <UniqueIdentifier>{6ca1f0ab-f20d-4fc0-96ed-6961b0de5758}</UniqueIdentifier>
    </Filter>
    <Filter Include="Source Files\Network">
      <UniqueIdentifier>{3104032a-8b53-4828-b4e0-1d0135066a0e}</UniqueIdentifier>
    </Filter>
    <Filter Include="Source Files\IO">
      <UniqueIdentifier>{ab33cd95-ea23-4668-b850-ecdf7a3d402b}</UniqueIdentifier>
    </Filter>
    <Filter Include="Source Files\System">
      <UniqueIdentifier>{3cd79502-524a-4e23-b869-dad231dbb34a}</UniqueIdentifier>
    </Filter>
    <Filter Include="Header Files">
      <UniqueIdentifier>{93995380-89BD-4b04-88EB-625FBE52EBFB}</UniqueIdentifier>
      <Extensions>h;hpp;hxx;hm;inl;inc;xsd</Extensions>
    </Filter>
    <Filter Include="Source Files\Graphics">
      <UniqueIdentifier>{a16a1769-9084-4b22-bf2d-8fb0f7d0fc2a}</UniqueIdentifier>
    </Filter>
    <Filter Include="Source Files\Hacking">
      <UniqueIdentifier>{d848e625-12bb-48a1-a63e-505cfb61153b}</UniqueIdentifier>
    </Filter>
    <Filter Include="Source Files\Graphics\File Formats">
      <UniqueIdentifier>{be8702b5-8a32-4c00-8060-f53e46449429}</UniqueIdentifier>
    </Filter>
    <Filter Include="Source Files\IO\Stream">
      <UniqueIdentifier>{a2b72a82-448d-4265-9843-bc3f89eeaefd}</UniqueIdentifier>
    </Filter>
    <Filter Include="Source Files\IO\Buffer">
      <UniqueIdentifier>{7ae890dd-48fc-47b6-96aa-87b787c0fe4d}</UniqueIdentifier>
    </Filter>
    <Filter Include="Source Files\IO\File System">
      <UniqueIdentifier>{c4801a2f-fb59-4432-bd3d-514236c84cfa}</UniqueIdentifier>
    </Filter>
    <Filter Include="Source Files\IO\Literacy">
      <UniqueIdentifier>{fb02e27b-b7ba-4763-9d57-3c8067846614}</UniqueIdentifier>
    </Filter>
    <Filter Include="Source Files\IO\Literacy\INI">
      <UniqueIdentifier>{9a547ae8-936e-4004-9dd7-84bf2ad41b25}</UniqueIdentifier>
    </Filter>
    <Filter Include="Source Files\IO\Literacy\Binary">
      <UniqueIdentifier>{b25ff54c-04e5-4d3d-81cd-2e90d43c3ac2}</UniqueIdentifier>
    </Filter>
    <Filter Include="Source Files\IO\Literacy\XML">
      <UniqueIdentifier>{9e7428af-3a21-4aae-81de-ab0d6197b7fa}</UniqueIdentifier>
    </Filter>
    <Filter Include="Source Files\IO\Literacy\RML">
      <UniqueIdentifier>{a55c0f8b-568e-4beb-81b8-ad57aaca3fc7}</UniqueIdentifier>
    </Filter>
    <Filter Include="Source Files\System\Windows">
      <UniqueIdentifier>{7b09620a-1851-48fe-90c5-c7153a1b6d48}</UniqueIdentifier>
    </Filter>
    <Filter Include="Source Files\System\Testing">
      <UniqueIdentifier>{2dc78062-2149-4741-b90d-76fde35f4d5a}</UniqueIdentifier>
    </Filter>
    <Filter Include="Source Files\System\DateTime">
      <UniqueIdentifier>{ddf397f6-02df-47be-b5ce-7a58dd2eb7fd}</UniqueIdentifier>
    </Filter>
    <Filter Include="Source Files\System\Globalization">
      <UniqueIdentifier>{dc6ad56a-227d-49ee-9047-ec20336bbb28}</UniqueIdentifier>
    </Filter>
    <Filter Include="Source Files\Cryptography">
      <UniqueIdentifier>{d7fc52e5-163b-43bb-bb42-983f0bdb3ce2}</UniqueIdentifier>
    </Filter>
    <Filter Include="Source Files\IO\File System\Win32">
      <UniqueIdentifier>{e45eca2d-315d-4710-9328-c1ece9c1e581}</UniqueIdentifier>
    </Filter>
    <Filter Include="Source Files\Diagram">
      <UniqueIdentifier>{a64b93ab-7ad5-4cf6-8beb-bfaedbe611e1}</UniqueIdentifier>
    </Filter>
    <Filter Include="Source Files\System\Log">
      <UniqueIdentifier>{addfdb49-49fe-40b1-a6e4-e672e46db80d}</UniqueIdentifier>
    </Filter>
    <Filter Include="Source Files\System\Console">
      <UniqueIdentifier>{4d5055e3-74f0-48d3-a5fb-88da115ae847}</UniqueIdentifier>
    </Filter>
    <Filter Include="Source Files\Drivers">
      <UniqueIdentifier>{8de8c275-d9ac-46cd-81a2-07bafe951f18}</UniqueIdentifier>
    </Filter>
    <Filter Include="Source Files\Collection\Sorting">
      <UniqueIdentifier>{81ec9bca-4382-4cf9-a50c-429ba87d2fd0}</UniqueIdentifier>
    </Filter>
    <Filter Include="Source Files\Network\SSH">
      <UniqueIdentifier>{070caa88-d24b-4521-8ac4-a8090f2223b8}</UniqueIdentifier>
    </Filter>
    <Filter Include="Source Files\System\Input">
      <UniqueIdentifier>{174df1e4-8c86-40a2-9c38-4aa42cbed43e}</UniqueIdentifier>
    </Filter>
    <Filter Include="Source Files\System\Threading">
      <UniqueIdentifier>{b49b2df6-99dd-4658-b0bd-a1267fdca01c}</UniqueIdentifier>
    </Filter>
    <Filter Include="Source Files\IO\Literacy\CSS">
      <UniqueIdentifier>{10208ff8-483d-408e-962f-1443d3f33f65}</UniqueIdentifier>
    </Filter>
    <Filter Include="Source Files\System\Type">
      <UniqueIdentifier>{706b7851-b7f1-4622-afbe-6155542a19a7}</UniqueIdentifier>
    </Filter>
  </ItemGroup>
  <ItemGroup>
    <ClInclude Include="tlinkedlist.h">
      <Filter>Source Files\Collection</Filter>
    </ClInclude>
    <ClInclude Include="tmemory.h">
      <Filter>Source Files\System</Filter>
    </ClInclude>
    <ClInclude Include="tprofiler.h">
      <Filter>Source Files\System</Filter>
    </ClInclude>
    <ClInclude Include="m64bit.h">
      <Filter>Source Files\Mathematics</Filter>
    </ClInclude>
    <ClInclude Include="mtriangle.h">
      <Filter>Source Files\Mathematics</Filter>
    </ClInclude>
    <ClInclude Include="mray.h">
      <Filter>Source Files\Mathematics</Filter>
    </ClInclude>
    <ClInclude Include="mquaternion.h">
      <Filter>Source Files\Mathematics</Filter>
    </ClInclude>
    <ClInclude Include="mmatrix.h">
      <Filter>Source Files\Mathematics</Filter>
    </ClInclude>
    <ClInclude Include="mfixed.h">
      <Filter>Source Files\Mathematics</Filter>
    </ClInclude>
    <ClInclude Include="tbitset.h">
      <Filter>Source Files\Collection</Filter>
    </ClInclude>
    <ClInclude Include="tarray.h">
      <Filter>Source Files\Collection</Filter>
    </ClInclude>
    <ClInclude Include="tcolor.h">
      <Filter>Source Files\Graphics</Filter>
    </ClInclude>
    <ClInclude Include="mtools.h">
      <Filter>Source Files\Mathematics</Filter>
    </ClInclude>
    <ClInclude Include="tbitmap.h">
      <Filter>Source Files\Graphics</Filter>
    </ClInclude>
    <ClInclude Include="tbinary.h">
      <Filter>Source Files\Collection</Filter>
    </ClInclude>
    <ClInclude Include="tbitfield.h">
      <Filter>Source Files\Collection</Filter>
    </ClInclude>
    <ClInclude Include="tbitstack.h">
      <Filter>Source Files\Collection</Filter>
    </ClInclude>
    <ClInclude Include="thashmap.h">
      <Filter>Source Files\Collection</Filter>
    </ClInclude>
    <ClInclude Include="tdictionary.h">
      <Filter>Source Files\Collection</Filter>
    </ClInclude>
    <ClInclude Include="stdafx.h">
      <Filter>Header Files</Filter>
    </ClInclude>
    <ClInclude Include="tstack.h">
      <Filter>Source Files\Collection</Filter>
    </ClInclude>
    <ClInclude Include="tenumerator.h">
      <Filter>Source Files\Collection</Filter>
    </ClInclude>
    <ClInclude Include="tevent.h">
      <Filter>Source Files\System</Filter>
    </ClInclude>
    <ClInclude Include="texception.h">
      <Filter>Source Files\System</Filter>
    </ClInclude>
    <ClInclude Include="tprocess.h">
      <Filter>Source Files\Hacking</Filter>
    </ClInclude>
    <ClInclude Include="tqueue.h">
      <Filter>Source Files\Collection</Filter>
    </ClInclude>
    <ClInclude Include="mvector2.h">
      <Filter>Source Files\Mathematics</Filter>
    </ClInclude>
    <ClInclude Include="mvector3.h">
      <Filter>Source Files\Mathematics</Filter>
    </ClInclude>
    <ClInclude Include="tindex.h">
      <Filter>Source Files\Collection</Filter>
    </ClInclude>
    <ClInclude Include="tbitmapbmp.h">
      <Filter>Source Files\Graphics\File Formats</Filter>
    </ClInclude>
    <ClInclude Include="tbitmaptga.h">
      <Filter>Source Files\Graphics\File Formats</Filter>
    </ClInclude>
    <ClInclude Include="tbitmappng.h">
      <Filter>Source Files\Graphics\File Formats</Filter>
    </ClInclude>
    <ClInclude Include="tbitmapreader.h">
      <Filter>Source Files\Graphics</Filter>
    </ClInclude>
    <ClInclude Include="tbitmapwriter.h">
      <Filter>Source Files\Graphics</Filter>
    </ClInclude>
    <ClInclude Include="tbitmapformats.h">
      <Filter>Source Files\Graphics</Filter>
    </ClInclude>
    <ClInclude Include="trmlwriter.h">
      <Filter>Source Files\IO\Literacy\RML</Filter>
    </ClInclude>
    <ClInclude Include="trmlreader.h">
      <Filter>Source Files\IO\Literacy\RML</Filter>
    </ClInclude>
    <ClInclude Include="tkeyvalue.h">
      <Filter>Source Files\Collection</Filter>
    </ClInclude>
    <ClInclude Include="mdecibel.h">
      <Filter>Source Files\Mathematics</Filter>
    </ClInclude>
    <ClInclude Include="tcharacter.h">
      <Filter>Source Files\String</Filter>
    </ClInclude>
    <ClInclude Include="tbytearray.h">
      <Filter>Source Files\System</Filter>
    </ClInclude>
    <ClInclude Include="tfilestream.h">
      <Filter>Source Files\IO\Stream</Filter>
    </ClInclude>
    <ClInclude Include="tstream.h">
      <Filter>Source Files\IO\Stream</Filter>
    </ClInclude>
    <ClInclude Include="tmemorystream.h">
      <Filter>Source Files\IO\Stream</Filter>
    </ClInclude>
    <ClInclude Include="tbufferedstream.h">
      <Filter>Source Files\IO\Stream</Filter>
    </ClInclude>
    <ClInclude Include="tbuffer.h">
      <Filter>Source Files\IO\Buffer</Filter>
    </ClInclude>
    <ClInclude Include="tcompositebuffer.h">
      <Filter>Source Files\IO\Buffer</Filter>
    </ClInclude>
    <ClInclude Include="tfile.h">
      <Filter>Source Files\IO\File System</Filter>
    </ClInclude>
    <ClInclude Include="tfileinfo.h">
      <Filter>Source Files\IO\File System</Filter>
    </ClInclude>
    <ClInclude Include="tpath.h">
      <Filter>Source Files\IO\File System</Filter>
    </ClInclude>
    <ClInclude Include="tdirectoryinfo.h">
      <Filter>Source Files\IO\File System</Filter>
    </ClInclude>
    <ClInclude Include="ttextreader.h">
      <Filter>Source Files\IO\Literacy</Filter>
    </ClInclude>
    <ClInclude Include="ttextwriter.h">
      <Filter>Source Files\IO\Literacy</Filter>
    </ClInclude>
    <ClInclude Include="tstreamwriter.h">
      <Filter>Source Files\IO\Literacy</Filter>
    </ClInclude>
    <ClInclude Include="tstreamreader.h">
      <Filter>Source Files\IO\Literacy</Filter>
    </ClInclude>
    <ClInclude Include="tiniparser.h">
      <Filter>Source Files\IO\Literacy\INI</Filter>
    </ClInclude>
    <ClInclude Include="tbinaryreader.h">
      <Filter>Source Files\IO\Literacy\Binary</Filter>
    </ClInclude>
    <ClInclude Include="tcompositionprimitive.h">
      <Filter>Source Files\IO\Buffer</Filter>
    </ClInclude>
    <ClInclude Include="tcomposition.h">
      <Filter>Source Files\IO\Buffer</Filter>
    </ClInclude>
    <ClInclude Include="tcompositeconverter.h">
      <Filter>Source Files\IO\Buffer</Filter>
    </ClInclude>
    <ClInclude Include="tstringfixedwidth.h">
      <Filter>Source Files\String</Filter>
    </ClInclude>
    <ClInclude Include="tstring.h">
      <Filter>Source Files\String</Filter>
    </ClInclude>
    <ClInclude Include="tstringdriverfixedwidth.h">
      <Filter>Source Files\String</Filter>
    </ClInclude>
    <ClInclude Include="tregistry.h">
      <Filter>Source Files\System\Windows</Filter>
    </ClInclude>
    <ClInclude Include="tproperty.h">
      <Filter>Source Files\System</Filter>
    </ClInclude>
    <ClInclude Include="tconvert.h">
      <Filter>Source Files\System</Filter>
    </ClInclude>
    <ClInclude Include="tsharedpointer.h">
      <Filter>Source Files\System</Filter>
    </ClInclude>
    <ClInclude Include="ttest.h">
      <Filter>Source Files\System\Testing</Filter>
    </ClInclude>
    <ClInclude Include="ttestsuitereporting.h">
      <Filter>Source Files\System\Testing</Filter>
    </ClInclude>
    <ClInclude Include="tdatetimeunix.h">
      <Filter>Source Files\System\DateTime</Filter>
    </ClInclude>
    <ClInclude Include="tdatetime.h">
      <Filter>Source Files\System\DateTime</Filter>
    </ClInclude>
    <ClInclude Include="tdatetimeexpanded.h">
      <Filter>Source Files\System\DateTime</Filter>
    </ClInclude>
    <ClInclude Include="tdatetimewindows.h">
      <Filter>Source Files\System\DateTime</Filter>
    </ClInclude>
    <ClInclude Include="ttimedriver.h">
      <Filter>Source Files\System</Filter>
    </ClInclude>
    <ClInclude Include="tmemorydriver.h">
      <Filter>Source Files\System</Filter>
    </ClInclude>
    <ClInclude Include="mmathdriver.h">
      <Filter>Source Files\Mathematics</Filter>
    </ClInclude>
    <ClInclude Include="tstringdriver.h">
      <Filter>Source Files\String</Filter>
    </ClInclude>
    <ClInclude Include="mdecimal.h">
      <Filter>Source Files\Mathematics</Filter>
    </ClInclude>
    <ClInclude Include="tstringbuilder.h">
      <Filter>Source Files\String</Filter>
    </ClInclude>
    <ClInclude Include="tcultureinfo.h">
      <Filter>Source Files\System\Globalization</Filter>
    </ClInclude>
    <ClInclude Include="tdatetimeformatinfo.h">
      <Filter>Source Files\System\Globalization</Filter>
    </ClInclude>
    <ClInclude Include="tnumberformatinfo.h">
      <Filter>Source Files\System\Globalization</Filter>
    </ClInclude>
    <ClInclude Include="tutf8encoding.h">
      <Filter>Source Files\String</Filter>
    </ClInclude>
    <ClInclude Include="tencoding.h">
      <Filter>Source Files\String</Filter>
    </ClInclude>
    <ClInclude Include="tencodinginfo.h">
      <Filter>Source Files\String</Filter>
    </ClInclude>
    <ClInclude Include="tutf16encoding.h">
      <Filter>Source Files\String</Filter>
    </ClInclude>
    <ClInclude Include="tcharbuffer.h">
      <Filter>Source Files\String</Filter>
    </ClInclude>
    <ClInclude Include="tstreamreaderutf8.h">
      <Filter>Source Files\IO\Literacy</Filter>
    </ClInclude>
    <ClInclude Include="twintools.h">
      <Filter>Source Files\System\Windows</Filter>
    </ClInclude>
    <ClInclude Include="thashcodeprovider.h">
      <Filter>Source Files\Collection</Filter>
    </ClInclude>
    <ClInclude Include="tasciiextended.h">
      <Filter>Source Files\String</Filter>
    </ClInclude>
    <ClInclude Include="tlatin1encoding.h">
      <Filter>Source Files\String</Filter>
    </ClInclude>
    <ClInclude Include="tstreamwriterutf8.h">
      <Filter>Source Files\IO\Literacy</Filter>
    </ClInclude>
    <ClInclude Include="tbinaryserializer.h">
      <Filter>Source Files\IO\Literacy\Binary</Filter>
    </ClInclude>
    <ClInclude Include="tdirectorywin32.h">
      <Filter>Source Files\IO\File System\Win32</Filter>
    </ClInclude>
    <ClInclude Include="tfilewin32.h">
      <Filter>Source Files\IO\File System\Win32</Filter>
    </ClInclude>
    <ClInclude Include="tcompositesimple.h">
      <Filter>Source Files\IO\Buffer</Filter>
    </ClInclude>
    <ClInclude Include="tdiagram.h">
      <Filter>Source Files\Diagram</Filter>
    </ClInclude>
    <ClInclude Include="tlog.h">
      <Filter>Source Files\System\Log</Filter>
    </ClInclude>
    <ClInclude Include="tcriticalsection.h">
      <Filter>Source Files\System</Filter>
    </ClInclude>
    <ClInclude Include="tapplication.h">
      <Filter>Source Files\System</Filter>
    </ClInclude>
    <ClInclude Include="tstringformat.h">
      <Filter>Source Files\String</Filter>
    </ClInclude>
    <ClInclude Include="raisetypes.h">
      <Filter>Header Files</Filter>
    </ClInclude>
    <ClInclude Include="raiseversion.h">
      <Filter>Header Files</Filter>
    </ClInclude>
    <ClInclude Include="tloghtml.h">
      <Filter>Source Files\System\Log</Filter>
    </ClInclude>
    <ClInclude Include="tobjectpool.h">
      <Filter>Source Files\Collection</Filter>
    </ClInclude>
    <ClInclude Include="tlogstream.h">
      <Filter>Source Files\System\Log</Filter>
    </ClInclude>
    <ClInclude Include="tlogconsole.h">
      <Filter>Source Files\System\Log</Filter>
    </ClInclude>
    <ClInclude Include="tconsole.h">
      <Filter>Source Files\System\Console</Filter>
    </ClInclude>
    <ClInclude Include="tcommandline.h">
      <Filter>Source Files\System\Console</Filter>
    </ClInclude>
    <ClInclude Include="texceptionlow.h">
      <Filter>Source Files\System</Filter>
    </ClInclude>
    <ClInclude Include="tlibrary.h">
      <Filter>Source Files\System</Filter>
    </ClInclude>
    <ClInclude Include="tgrouparray.h">
      <Filter>Source Files\Collection</Filter>
    </ClInclude>
    <ClInclude Include="tpalette.h">
      <Filter>Source Files\Graphics</Filter>
    </ClInclude>
    <ClInclude Include="tconsolebuffer.h">
      <Filter>Source Files\System\Console</Filter>
    </ClInclude>
    <ClInclude Include="tconsoleformats.h">
      <Filter>Source Files\System\Console</Filter>
    </ClInclude>
    <ClInclude Include="tcompositionmanager.h">
      <Filter>Source Files\IO\Buffer</Filter>
    </ClInclude>
    <ClInclude Include="tconsoledriver.h">
      <Filter>Source Files\System\Console</Filter>
    </ClInclude>
    <ClInclude Include="tgraphics.h">
      <Filter>Source Files\Graphics</Filter>
    </ClInclude>
    <ClInclude Include="tconsolevt100.h">
      <Filter>Source Files\System\Console</Filter>
    </ClInclude>
    <ClInclude Include="tdatamap.h">
      <Filter>Source Files\Collection</Filter>
    </ClInclude>
    <ClInclude Include="nsshinterfaces.h">
      <Filter>Source Files\Network\SSH</Filter>
    </ClInclude>
    <ClInclude Include="nsshsession.h">
      <Filter>Source Files\Network\SSH</Filter>
    </ClInclude>
    <ClInclude Include="tkeyboard.h">
      <Filter>Source Files\System\Input</Filter>
    </ClInclude>
    <ClInclude Include="tinputdevice.h">
      <Filter>Source Files\System\Input</Filter>
    </ClInclude>
    <ClInclude Include="tmouse.h">
      <Filter>Source Files\System\Input</Filter>
    </ClInclude>
    <ClInclude Include="tinputenum.h">
      <Filter>Source Files\System\Input</Filter>
    </ClInclude>
    <ClInclude Include="tjoystick.h">
      <Filter>Source Files\System\Input</Filter>
    </ClInclude>
    <ClInclude Include="tinputmap.h">
      <Filter>Source Files\System\Input</Filter>
    </ClInclude>
    <ClInclude Include="tencodings.h">
      <Filter>Source Files\String</Filter>
    </ClInclude>
    <ClInclude Include="nsocket.h">
      <Filter>Source Files\Network</Filter>
    </ClInclude>
    <ClInclude Include="tthread.h">
      <Filter>Source Files\System\Threading</Filter>
    </ClInclude>
    <ClInclude Include="tresetevent.h">
      <Filter>Source Files\System\Threading</Filter>
    </ClInclude>
    <ClInclude Include="naddress.h">
      <Filter>Source Files\Network</Filter>
    </ClInclude>
    <ClInclude Include="npacket.h">
      <Filter>Source Files\Network</Filter>
    </ClInclude>
    <ClInclude Include="npacketbuilder.h">
      <Filter>Source Files\Network</Filter>
    </ClInclude>
    <ClInclude Include="tioserviceiocp.h">
      <Filter>Source Files\Network</Filter>
    </ClInclude>
    <ClInclude Include="nsocketdefs.h">
      <Filter>Source Files\Network</Filter>
    </ClInclude>
    <ClInclude Include="tioservice.h">
      <Filter>Source Files\Network</Filter>
    </ClInclude>
    <ClInclude Include="nserverhttp.h">
      <Filter>Source Files\Network</Filter>
    </ClInclude>
    <ClInclude Include="ndns.h">
      <Filter>Source Files\Network</Filter>
    </ClInclude>
    <ClInclude Include="nhttprequest.h">
      <Filter>Source Files\Network</Filter>
    </ClInclude>
    <ClInclude Include="nacceptor.h">
      <Filter>Source Files\Network</Filter>
    </ClInclude>
    <ClInclude Include="nuri.h">
      <Filter>Source Files\Network</Filter>
    </ClInclude>
    <ClInclude Include="tbinarywriter.h">
      <Filter>Source Files\IO\Literacy\Binary</Filter>
    </ClInclude>
    <ClInclude Include="npacketreader.h">
      <Filter>Source Files\Network</Filter>
    </ClInclude>
    <ClInclude Include="npacketwriter.h">
      <Filter>Source Files\Network</Filter>
    </ClInclude>
    <ClInclude Include="mrandom.h">
      <Filter>Source Files\Mathematics</Filter>
    </ClInclude>
    <ClInclude Include="mmathcolor.h">
      <Filter>Source Files\Mathematics</Filter>
    </ClInclude>
    <ClInclude Include="tbitmapcodecs.h">
      <Filter>Source Files\Graphics</Filter>
    </ClInclude>
    <ClInclude Include="tbitmapwriterparameters.h">
      <Filter>Source Files\Graphics</Filter>
    </ClInclude>
    <ClInclude Include="thexdump.h">
      <Filter>Source Files\System</Filter>
    </ClInclude>
    <ClInclude Include="tstringwriter.h">
      <Filter>Source Files\IO\Literacy</Filter>
    </ClInclude>
    <ClInclude Include="nnetworkedvariables.h">
      <Filter>Source Files\Network</Filter>
    </ClInclude>
    <ClInclude Include="nhttpclient.h">
      <Filter>Source Files\Network</Filter>
    </ClInclude>
    <ClInclude Include="mcircle.h">
      <Filter>Source Files\Mathematics</Filter>
    </ClInclude>
    <ClInclude Include="mangle.h">
      <Filter>Source Files\Mathematics</Filter>
    </ClInclude>
    <ClInclude Include="mline.h">
      <Filter>Source Files\Mathematics</Filter>
    </ClInclude>
    <ClInclude Include="txmlwriter.h">
      <Filter>Source Files\IO\Literacy\XML</Filter>
    </ClInclude>
    <ClInclude Include="tsort.h">
      <Filter>Source Files\Collection</Filter>
    </ClInclude>
    <ClInclude Include="tblend.h">
      <Filter>Source Files\Graphics</Filter>
    </ClInclude>
    <ClInclude Include="tsmartptr.h">
      <Filter>Source Files\Collection</Filter>
    </ClInclude>
    <ClInclude Include="msize2.h">
      <Filter>Source Files\Mathematics</Filter>
    </ClInclude>
    <ClInclude Include="mrectangle.h">
      <Filter>Source Files\Mathematics</Filter>
    </ClInclude>
    <ClInclude Include="mregion2.h">
      <Filter>Source Files\Mathematics</Filter>
    </ClInclude>
    <ClInclude Include="mpadding2.h">
      <Filter>Source Files\Mathematics</Filter>
    </ClInclude>
    <ClInclude Include="tboxmodel.h">
      <Filter>Source Files\Graphics</Filter>
    </ClInclude>
    <ClInclude Include="tpackedrectangle.h">
      <Filter>Source Files\Graphics</Filter>
    </ClInclude>
    <ClInclude Include="txmlreader.h">
      <Filter>Source Files\IO\Literacy\XML</Filter>
    </ClInclude>
    <ClInclude Include="tcssreader.h">
      <Filter>Source Files\IO\Literacy\CSS</Filter>
    </ClInclude>
    <ClInclude Include="ttype.h">
      <Filter>Source Files\System\Type</Filter>
    </ClInclude>
    <ClInclude Include="ttypemanager.h">
      <Filter>Source Files\System\Type</Filter>
    </ClInclude>
    <ClInclude Include="ttypebuilder.h">
      <Filter>Source Files\System\Type</Filter>
    </ClInclude>
    <ClInclude Include="tserialization.h">
      <Filter>Source Files\IO\Literacy</Filter>
    </ClInclude>
    <ClInclude Include="tplatform.h">
      <Filter>Source Files\System</Filter>
    </ClInclude>
    <ClInclude Include="tenum.h">
      <Filter>Source Files\Collection</Filter>
    </ClInclude>
    <ClInclude Include="tmemorywriter.h">
      <Filter>Source Files\IO\Buffer</Filter>
    </ClInclude>
    <ClInclude Include="tkeyboardmapped.h">
      <Filter>Source Files\System\Input</Filter>
    </ClInclude>
    <ClInclude Include="tmousemapped.h">
      <Filter>Source Files\System\Input</Filter>
    </ClInclude>
    <ClInclude Include="twindowhandle.h">
      <Filter>Source Files\Hacking</Filter>
    </ClInclude>
  </ItemGroup>
  <ItemGroup>
    <ClCompile Include="stdafx.cpp">
      <Filter>Source Files</Filter>
    </ClCompile>
    <ClCompile Include="tmemory.cpp">
      <Filter>Source Files\System</Filter>
    </ClCompile>
    <ClCompile Include="tbitset.cpp">
      <Filter>Source Files\Collection</Filter>
    </ClCompile>
    <ClCompile Include="tcolor.cpp">
      <Filter>Source Files\Graphics</Filter>
    </ClCompile>
    <ClCompile Include="tbitmap.cpp">
      <Filter>Source Files\Graphics</Filter>
    </ClCompile>
    <ClCompile Include="tbitmapformats.cpp">
      <Filter>Source Files\Graphics</Filter>
    </ClCompile>
    <ClCompile Include="tprocess.cpp">
      <Filter>Source Files\Hacking</Filter>
    </ClCompile>
    <ClCompile Include="tprocessdebug.cpp">
      <Filter>Source Files\Hacking</Filter>
    </ClCompile>
    <ClCompile Include="tprocessmodule.cpp">
      <Filter>Source Files\Hacking</Filter>
    </ClCompile>
    <ClCompile Include="tbitmapconverters.cpp">
      <Filter>Source Files\Graphics</Filter>
    </ClCompile>
    <ClCompile Include="tbitmapbmp.cpp">
      <Filter>Source Files\Graphics\File Formats</Filter>
    </ClCompile>
    <ClCompile Include="tbitmaptga.cpp">
      <Filter>Source Files\Graphics\File Formats</Filter>
    </ClCompile>
    <ClCompile Include="tbitmappng.cpp">
      <Filter>Source Files\Graphics\File Formats</Filter>
    </ClCompile>
    <ClCompile Include="trmlwriter.cpp">
      <Filter>Source Files\IO\Literacy\RML</Filter>
    </ClCompile>
    <ClCompile Include="trmlreader.cpp">
      <Filter>Source Files\IO\Literacy\RML</Filter>
    </ClCompile>
    <ClCompile Include="tbufferedstream.cpp">
      <Filter>Source Files\IO\Stream</Filter>
    </ClCompile>
    <ClCompile Include="tcompositebuffer.cpp">
      <Filter>Source Files\IO\Buffer</Filter>
    </ClCompile>
    <ClCompile Include="tpath.cpp">
      <Filter>Source Files\IO\File System</Filter>
    </ClCompile>
    <ClCompile Include="tiniparser.cpp">
      <Filter>Source Files\IO\Literacy\INI</Filter>
    </ClCompile>
    <ClCompile Include="tcomposition.cpp">
      <Filter>Source Files\IO\Buffer</Filter>
    </ClCompile>
    <ClCompile Include="tstringfixedwidth.cpp">
      <Filter>Source Files\String</Filter>
    </ClCompile>
    <ClCompile Include="tstring.cpp">
      <Filter>Source Files\String</Filter>
    </ClCompile>
    <ClCompile Include="tbytearray.cpp">
      <Filter>Source Files\System</Filter>
    </ClCompile>
    <ClCompile Include="tconvert.cpp">
      <Filter>Source Files\System</Filter>
    </ClCompile>
    <ClCompile Include="ttest.cpp">
      <Filter>Source Files\System\Testing</Filter>
    </ClCompile>
    <ClCompile Include="ttestsuitereporting.cpp">
      <Filter>Source Files\System\Testing</Filter>
    </ClCompile>
    <ClCompile Include="tdatetime.cpp">
      <Filter>Source Files\System\DateTime</Filter>
    </ClCompile>
    <ClCompile Include="ttimedriver.cpp">
      <Filter>Source Files\System</Filter>
    </ClCompile>
    <ClCompile Include="tstringdriver.cpp">
      <Filter>Source Files\String</Filter>
    </ClCompile>
    <ClCompile Include="tstringbuilder.cpp">
      <Filter>Source Files\String</Filter>
    </ClCompile>
    <ClCompile Include="tencoding.cpp">
      <Filter>Source Files\String</Filter>
    </ClCompile>
    <ClCompile Include="tencodinginfo.cpp">
      <Filter>Source Files\String</Filter>
    </ClCompile>
    <ClCompile Include="twintools.cpp">
      <Filter>Source Files\System\Windows</Filter>
    </ClCompile>
    <ClCompile Include="thashcodeprovider.cpp">
      <Filter>Source Files\Collection</Filter>
    </ClCompile>
    <ClCompile Include="tstreamwriterutf8.cpp">
      <Filter>Source Files\IO\Literacy</Filter>
    </ClCompile>
    <ClCompile Include="tdirectorywin32.cpp">
      <Filter>Source Files\IO\File System\Win32</Filter>
    </ClCompile>
    <ClCompile Include="tlog.cpp">
      <Filter>Source Files\System\Log</Filter>
    </ClCompile>
    <ClCompile Include="tapplication.cpp">
      <Filter>Source Files\System</Filter>
    </ClCompile>
    <ClCompile Include="tfile.cpp">
      <Filter>Source Files\IO\File System</Filter>
    </ClCompile>
    <ClCompile Include="tlogstream.cpp">
      <Filter>Source Files\System\Log</Filter>
    </ClCompile>
    <ClCompile Include="tlogconsole.cpp">
      <Filter>Source Files\System\Log</Filter>
    </ClCompile>
    <ClCompile Include="tconsole.cpp">
      <Filter>Source Files\System\Console</Filter>
    </ClCompile>
    <ClCompile Include="tcommandline.cpp">
      <Filter>Source Files\System\Console</Filter>
    </ClCompile>
    <ClCompile Include="texceptionlow.cpp">
      <Filter>Source Files\System</Filter>
    </ClCompile>
    <ClCompile Include="tlibrary.cpp">
      <Filter>Source Files\System</Filter>
    </ClCompile>
    <ClCompile Include="tconsoleformats.cpp">
      <Filter>Source Files\System\Console</Filter>
    </ClCompile>
    <ClCompile Include="tconsolebuffer.cpp">
      <Filter>Source Files\System\Console</Filter>
    </ClCompile>
    <ClCompile Include="tconsoledriver.cpp">
      <Filter>Source Files\System\Console</Filter>
    </ClCompile>
    <ClCompile Include="tthread.cpp">
      <Filter>Source Files\System\Threading</Filter>
    </ClCompile>
    <ClCompile Include="npacketbuilder.cpp">
      <Filter>Source Files\Network</Filter>
    </ClCompile>
    <ClCompile Include="tioserviceiocp.cpp">
      <Filter>Source Files\Network</Filter>
    </ClCompile>
    <ClCompile Include="nsocketiocpOLD.cpp">
      <Filter>Source Files\Network</Filter>
    </ClCompile>
    <ClCompile Include="nserverhttp.cpp">
      <Filter>Source Files\Network</Filter>
    </ClCompile>
    <ClCompile Include="texception.cpp">
      <Filter>Source Files\System</Filter>
    </ClCompile>
    <ClCompile Include="nuri.cpp">
      <Filter>Source Files\Network</Filter>
    </ClCompile>
    <ClCompile Include="tgraphics.cpp">
      <Filter>Source Files\Graphics</Filter>
    </ClCompile>
    <ClCompile Include="tbitmapcodecs.cpp">
      <Filter>Source Files\Graphics</Filter>
    </ClCompile>
    <ClCompile Include="txmlwriter.cpp">
      <Filter>Source Files\IO\Literacy\XML</Filter>
    </ClCompile>
    <ClCompile Include="tsort.cpp">
      <Filter>Source Files\Collection</Filter>
    </ClCompile>
    <ClCompile Include="tblend.cpp">
      <Filter>Source Files\Graphics</Filter>
    </ClCompile>
    <ClCompile Include="tpackedrectangle.cpp">
      <Filter>Source Files\Graphics</Filter>
    </ClCompile>
    <ClCompile Include="txmlreader.cpp">
      <Filter>Source Files\IO\Literacy\XML</Filter>
    </ClCompile>
    <ClCompile Include="tcssreader.cpp">
      <Filter>Source Files\IO\Literacy\CSS</Filter>
    </ClCompile>
    <ClCompile Include="ttypemanager.cpp">
      <Filter>Source Files\System\Type</Filter>
    </ClCompile>
    <ClCompile Include="tplatform.cpp">
      <Filter>Source Files\System</Filter>
    </ClCompile>
    <ClCompile Include="mmatrix.cpp">
      <Filter>Source Files\Mathematics</Filter>
    </ClCompile>
    <ClCompile Include="tprocessmanager.cpp">
      <Filter>Source Files\Hacking</Filter>
    </ClCompile>
    <ClCompile Include="twindowhandle.cpp">
      <Filter>Source Files\Hacking</Filter>
    </ClCompile>
  </ItemGroup>
  <ItemGroup>
    <None Include="Rules.txt" />
  </ItemGroup>
</Project>